<?xml version="1.0" encoding="utf-8"?>
<Project ToolsVersion="4.0" xmlns="http://schemas.microsoft.com/developer/msbuild/2003">
  <ItemGroup>
    <Filter Include="Source Files">
      <UniqueIdentifier>{4FC737F1-C7A5-4376-A066-2A32D752A2FF}</UniqueIdentifier>
      <Extensions>cpp;c;cc;cxx;c++;cppm;ixx;def;odl;idl;hpj;bat;asm;asmx</Extensions>
    </Filter>
    <Filter Include="Header Files">
      <UniqueIdentifier>{93995380-89BD-4b04-88EB-625FBE52EBFB}</UniqueIdentifier>
      <Extensions>h;hh;hpp;hxx;h++;hm;inl;inc;ipp;xsd</Extensions>
    </Filter>
    <Filter Include="Resource Files">
      <UniqueIdentifier>{67DA6AB6-F800-4c08-8B7A-83BB121AAD01}</UniqueIdentifier>
      <Extensions>rc;ico;cur;bmp;dlg;rc2;rct;bin;rgs;gif;jpg;jpeg;jpe;resx;tiff;tif;png;wav;mfcribbon-ms</Extensions>
    </Filter>
    <Filter Include="Source Files\imgui">
      <UniqueIdentifier>{73ed50f8-c1bf-40a2-ac00-d651eb70c661}</UniqueIdentifier>
    </Filter>
    <Filter Include="Header Files\imgui">
      <UniqueIdentifier>{95bc38fb-bd70-44c1-9365-8b6a5805e168}</UniqueIdentifier>
    </Filter>
    <Filter Include="Header Files\irrKlang">
      <UniqueIdentifier>{a79812ce-2870-4d5b-beef-0555b9c0e471}</UniqueIdentifier>
    </Filter>
  </ItemGroup>
  <ItemGroup>
    <ClCompile Include="..\glad.c">
      <Filter>Source Files</Filter>
    </ClCompile>
    <ClCompile Include="Source.cpp">
      <Filter>Source Files</Filter>
    </ClCompile>
    <ClCompile Include="DebugFile.cpp">
      <Filter>Source Files</Filter>
    </ClCompile>
    <ClCompile Include="..\..\..\..\..\..\Downloads\OpenGL Libraries\IMGUI-DOCKING\imgui_demo.cpp">
      <Filter>Source Files\imgui</Filter>
    </ClCompile>
    <ClCompile Include="..\..\..\..\..\..\Downloads\OpenGL Libraries\IMGUI-DOCKING\imgui_draw.cpp">
      <Filter>Source Files\imgui</Filter>
    </ClCompile>
    <ClCompile Include="..\..\..\..\..\..\Downloads\OpenGL Libraries\IMGUI-DOCKING\imgui_impl_glfw.cpp">
      <Filter>Source Files\imgui</Filter>
    </ClCompile>
    <ClCompile Include="..\..\..\..\..\..\Downloads\OpenGL Libraries\IMGUI-DOCKING\imgui_impl_opengl3.cpp">
      <Filter>Source Files\imgui</Filter>
    </ClCompile>
    <ClCompile Include="..\..\..\..\..\..\Downloads\OpenGL Libraries\IMGUI-DOCKING\imgui_tables.cpp">
      <Filter>Source Files\imgui</Filter>
    </ClCompile>
    <ClCompile Include="..\..\..\..\..\..\Downloads\OpenGL Libraries\IMGUI-DOCKING\imgui_widgets.cpp">
      <Filter>Source Files\imgui</Filter>
    </ClCompile>
    <ClCompile Include="..\..\..\..\..\..\Downloads\OpenGL Libraries\IMGUI-DOCKING\imgui.cpp">
      <Filter>Source Files\imgui</Filter>
    </ClCompile>
    <ClCompile Include="ComponentWindow.cpp">
      <Filter>Source Files</Filter>
    </ClCompile>
    <ClCompile Include="GUI.cpp">
      <Filter>Source Files</Filter>
    </ClCompile>
    <ClCompile Include="DebugCommands.cpp">
      <Filter>Source Files</Filter>
    </ClCompile>
    <ClCompile Include="NonExistentFunctions.cpp">
      <Filter>Source Files</Filter>
    </ClCompile>
    <ClCompile Include="Rendering.cpp">
      <Filter>Source Files</Filter>
    </ClCompile>
  </ItemGroup>
  <ItemGroup>
    <ClInclude Include="DebugFile.h">
      <Filter>Header Files</Filter>
    </ClInclude>
    <ClInclude Include="..\..\..\..\..\..\Downloads\OpenGL Libraries\IMGUI-DOCKING\imgui_impl_glfw.h">
      <Filter>Header Files\imgui</Filter>
    </ClInclude>
    <ClInclude Include="..\..\..\..\..\..\Downloads\OpenGL Libraries\IMGUI-DOCKING\imgui_impl_opengl3.h">
      <Filter>Header Files\imgui</Filter>
    </ClInclude>
    <ClInclude Include="..\..\..\..\..\..\Downloads\OpenGL Libraries\IMGUI-DOCKING\imgui_internal.h">
      <Filter>Header Files\imgui</Filter>
    </ClInclude>
    <ClInclude Include="..\..\..\..\..\..\Downloads\OpenGL Libraries\IMGUI-DOCKING\imstb_rectpack.h">
      <Filter>Header Files\imgui</Filter>
    </ClInclude>
    <ClInclude Include="..\..\..\..\..\..\Downloads\OpenGL Libraries\IMGUI-DOCKING\imstb_textedit.h">
      <Filter>Header Files\imgui</Filter>
    </ClInclude>
    <ClInclude Include="..\..\..\..\..\..\Downloads\OpenGL Libraries\IMGUI-DOCKING\imstb_truetype.h">
      <Filter>Header Files\imgui</Filter>
    </ClInclude>
    <ClInclude Include="..\..\..\..\..\..\Downloads\OpenGL Libraries\IMGUI-DOCKING\imconfig.h">
      <Filter>Header Files\imgui</Filter>
    </ClInclude>
    <ClInclude Include="..\..\..\..\..\..\Downloads\OpenGL Libraries\IMGUI-DOCKING\imgui.h">
      <Filter>Header Files\imgui</Filter>
    </ClInclude>
    <ClInclude Include="..\..\..\..\..\..\Downloads\OpenGL Libraries\IMGUI-DOCKING\imgui_impl_opengl3_loader.h">
      <Filter>Header Files\imgui</Filter>
    </ClInclude>
    <ClInclude Include="DebugWindows.h">
      <Filter>Header Files</Filter>
    </ClInclude>
    <ClInclude Include="GUI.h">
      <Filter>Header Files</Filter>
    </ClInclude>
    <ClInclude Include="DebugCommands.h">
      <Filter>Header Files</Filter>
    </ClInclude>
    <ClInclude Include="NonExistentFunctions.h">
      <Filter>Header Files</Filter>
    </ClInclude>
    <ClInclude Include="Rendering.h">
      <Filter>Header Files</Filter>
    </ClInclude>
    <ClInclude Include="..\..\..\..\..\..\Downloads\OpenGL Libraries\IrrKlang\include\ik_ESoundEngineOptions.h">
      <Filter>Header Files\irrKlang</Filter>
    </ClInclude>
    <ClInclude Include="..\..\..\..\..\..\Downloads\OpenGL Libraries\IrrKlang\include\ik_ESoundOutputDrivers.h">
      <Filter>Header Files\irrKlang</Filter>
    </ClInclude>
    <ClInclude Include="..\..\..\..\..\..\Downloads\OpenGL Libraries\IrrKlang\include\ik_EStreamModes.h">
      <Filter>Header Files\irrKlang</Filter>
    </ClInclude>
    <ClInclude Include="..\..\..\..\..\..\Downloads\OpenGL Libraries\IrrKlang\include\ik_IAudioRecorder.h">
      <Filter>Header Files\irrKlang</Filter>
    </ClInclude>
    <ClInclude Include="..\..\..\..\..\..\Downloads\OpenGL Libraries\IrrKlang\include\ik_IAudioStream.h">
      <Filter>Header Files\irrKlang</Filter>
    </ClInclude>
    <ClInclude Include="..\..\..\..\..\..\Downloads\OpenGL Libraries\IrrKlang\include\ik_IAudioStreamLoader.h">
      <Filter>Header Files\irrKlang</Filter>
    </ClInclude>
    <ClInclude Include="..\..\..\..\..\..\Downloads\OpenGL Libraries\IrrKlang\include\ik_IFileFactory.h">
      <Filter>Header Files\irrKlang</Filter>
    </ClInclude>
    <ClInclude Include="..\..\..\..\..\..\Downloads\OpenGL Libraries\IrrKlang\include\ik_IFileReader.h">
      <Filter>Header Files\irrKlang</Filter>
    </ClInclude>
    <ClInclude Include="..\..\..\..\..\..\Downloads\OpenGL Libraries\IrrKlang\include\ik_IRefCounted.h">
      <Filter>Header Files\irrKlang</Filter>
    </ClInclude>
    <ClInclude Include="..\..\..\..\..\..\Downloads\OpenGL Libraries\IrrKlang\include\ik_irrKlangTypes.h">
      <Filter>Header Files\irrKlang</Filter>
    </ClInclude>
    <ClInclude Include="..\..\..\..\..\..\Downloads\OpenGL Libraries\IrrKlang\include\ik_ISound.h">
      <Filter>Header Files\irrKlang</Filter>
    </ClInclude>
    <ClInclude Include="..\..\..\..\..\..\Downloads\OpenGL Libraries\IrrKlang\include\ik_ISoundDeviceList.h">
      <Filter>Header Files\irrKlang</Filter>
    </ClInclude>
    <ClInclude Include="..\..\..\..\..\..\Downloads\OpenGL Libraries\IrrKlang\include\ik_ISoundEffectControl.h">
      <Filter>Header Files\irrKlang</Filter>
    </ClInclude>
    <ClInclude Include="..\..\..\..\..\..\Downloads\OpenGL Libraries\IrrKlang\include\ik_ISoundEngine.h">
      <Filter>Header Files\irrKlang</Filter>
    </ClInclude>
    <ClInclude Include="..\..\..\..\..\..\Downloads\OpenGL Libraries\IrrKlang\include\ik_ISoundMixedOutputReceiver.h">
      <Filter>Header Files\irrKlang</Filter>
    </ClInclude>
    <ClInclude Include="..\..\..\..\..\..\Downloads\OpenGL Libraries\IrrKlang\include\ik_ISoundSource.h">
      <Filter>Header Files\irrKlang</Filter>
    </ClInclude>
    <ClInclude Include="..\..\..\..\..\..\Downloads\OpenGL Libraries\IrrKlang\include\ik_ISoundStopEventReceiver.h">
      <Filter>Header Files\irrKlang</Filter>
    </ClInclude>
    <ClInclude Include="..\..\..\..\..\..\Downloads\OpenGL Libraries\IrrKlang\include\ik_IVirtualRefCounted.h">
      <Filter>Header Files\irrKlang</Filter>
    </ClInclude>
    <ClInclude Include="..\..\..\..\..\..\Downloads\OpenGL Libraries\IrrKlang\include\ik_SAudioStreamFormat.h">
      <Filter>Header Files\irrKlang</Filter>
    </ClInclude>
    <ClInclude Include="..\..\..\..\..\..\Downloads\OpenGL Libraries\IrrKlang\include\ik_vec3d.h">
      <Filter>Header Files\irrKlang</Filter>
    </ClInclude>
    <ClInclude Include="..\..\..\..\..\..\Downloads\OpenGL Libraries\IrrKlang\include\irrKlang.h">
      <Filter>Header Files\irrKlang</Filter>
    </ClInclude>
  </ItemGroup>
</Project>